// !$*UTF8*$!
{
	archiveVersion = 1;
	classes = {
	};
	objectVersion = 46;
	objects = {

/* Begin PBXBuildFile section */
		BF41ED0B1D9F7BDE00C974C8 /* FBSDKCoreKit.framework in Frameworks */ = {isa = PBXBuildFile; fileRef = BF41ED081D9F7BDE00C974C8 /* FBSDKCoreKit.framework */; };
		BF41ED0C1D9F7BDE00C974C8 /* FBSDKLoginKit.framework in Frameworks */ = {isa = PBXBuildFile; fileRef = BF41ED091D9F7BDE00C974C8 /* FBSDKLoginKit.framework */; };
		BF41ED0D1D9F7BDE00C974C8 /* FBSDKShareKit.framework in Frameworks */ = {isa = PBXBuildFile; fileRef = BF41ED0A1D9F7BDE00C974C8 /* FBSDKShareKit.framework */; };
		BF41ED0F1D9F857500C974C8 /* Bolts.framework in Frameworks */ = {isa = PBXBuildFile; fileRef = BF41ED0E1D9F857500C974C8 /* Bolts.framework */; };
		BFDA7ED91D45A6EF008744D3 /* AppDelegate.swift in Sources */ = {isa = PBXBuildFile; fileRef = BFDA7ED81D45A6EF008744D3 /* AppDelegate.swift */; };
		BFDA7EDB1D45A6EF008744D3 /* ViewController.swift in Sources */ = {isa = PBXBuildFile; fileRef = BFDA7EDA1D45A6EF008744D3 /* ViewController.swift */; };
		BFDA7EDE1D45A6EF008744D3 /* Main.storyboard in Resources */ = {isa = PBXBuildFile; fileRef = BFDA7EDC1D45A6EF008744D3 /* Main.storyboard */; };
		BFDA7EE01D45A6EF008744D3 /* Assets.xcassets in Resources */ = {isa = PBXBuildFile; fileRef = BFDA7EDF1D45A6EF008744D3 /* Assets.xcassets */; };
		BFDA7EE31D45A6EF008744D3 /* LaunchScreen.storyboard in Resources */ = {isa = PBXBuildFile; fileRef = BFDA7EE11D45A6EF008744D3 /* LaunchScreen.storyboard */; };
		BFDA7EEE1D45A6F0008744D3 /* TipCalculatorTests.swift in Sources */ = {isa = PBXBuildFile; fileRef = BFDA7EED1D45A6F0008744D3 /* TipCalculatorTests.swift */; };
		BFDA7EF91D45A6F0008744D3 /* TipCalculatorUITests.swift in Sources */ = {isa = PBXBuildFile; fileRef = BFDA7EF81D45A6F0008744D3 /* TipCalculatorUITests.swift */; };
		BFDA7F071D474CC2008744D3 /* SettingsPage.swift in Sources */ = {isa = PBXBuildFile; fileRef = BFDA7F061D474CC2008744D3 /* SettingsPage.swift */; };
/* End PBXBuildFile section */

/* Begin PBXContainerItemProxy section */
		BFDA7EEA1D45A6F0008744D3 /* PBXContainerItemProxy */ = {
			isa = PBXContainerItemProxy;
			containerPortal = BFDA7ECD1D45A6EF008744D3 /* Project object */;
			proxyType = 1;
			remoteGlobalIDString = BFDA7ED41D45A6EF008744D3;
			remoteInfo = TipCalculator;
		};
		BFDA7EF51D45A6F0008744D3 /* PBXContainerItemProxy */ = {
			isa = PBXContainerItemProxy;
			containerPortal = BFDA7ECD1D45A6EF008744D3 /* Project object */;
			proxyType = 1;
			remoteGlobalIDString = BFDA7ED41D45A6EF008744D3;
			remoteInfo = TipCalculator;
		};
/* End PBXContainerItemProxy section */

/* Begin PBXFileReference section */
		BF41ED081D9F7BDE00C974C8 /* FBSDKCoreKit.framework */ = {isa = PBXFileReference; lastKnownFileType = wrapper.framework; path = FBSDKCoreKit.framework; sourceTree = "<group>"; };
		BF41ED091D9F7BDE00C974C8 /* FBSDKLoginKit.framework */ = {isa = PBXFileReference; lastKnownFileType = wrapper.framework; path = FBSDKLoginKit.framework; sourceTree = "<group>"; };
		BF41ED0A1D9F7BDE00C974C8 /* FBSDKShareKit.framework */ = {isa = PBXFileReference; lastKnownFileType = wrapper.framework; path = FBSDKShareKit.framework; sourceTree = "<group>"; };
		BF41ED0E1D9F857500C974C8 /* Bolts.framework */ = {isa = PBXFileReference; lastKnownFileType = wrapper.framework; path = Bolts.framework; sourceTree = "<group>"; };
		BFDA7ED51D45A6EF008744D3 /* TipCalculator.app */ = {isa = PBXFileReference; explicitFileType = wrapper.application; includeInIndex = 0; path = TipCalculator.app; sourceTree = BUILT_PRODUCTS_DIR; };
		BFDA7ED81D45A6EF008744D3 /* AppDelegate.swift */ = {isa = PBXFileReference; lastKnownFileType = sourcecode.swift; path = AppDelegate.swift; sourceTree = "<group>"; };
		BFDA7EDA1D45A6EF008744D3 /* ViewController.swift */ = {isa = PBXFileReference; lastKnownFileType = sourcecode.swift; path = ViewController.swift; sourceTree = "<group>"; };
		BFDA7EDD1D45A6EF008744D3 /* Base */ = {isa = PBXFileReference; lastKnownFileType = file.storyboard; name = Base; path = Base.lproj/Main.storyboard; sourceTree = "<group>"; };
		BFDA7EDF1D45A6EF008744D3 /* Assets.xcassets */ = {isa = PBXFileReference; lastKnownFileType = folder.assetcatalog; path = Assets.xcassets; sourceTree = "<group>"; };
		BFDA7EE21D45A6EF008744D3 /* Base */ = {isa = PBXFileReference; lastKnownFileType = file.storyboard; name = Base; path = Base.lproj/LaunchScreen.storyboard; sourceTree = "<group>"; };
		BFDA7EE41D45A6EF008744D3 /* Info.plist */ = {isa = PBXFileReference; lastKnownFileType = text.plist.xml; path = Info.plist; sourceTree = "<group>"; };
		BFDA7EE91D45A6F0008744D3 /* TipCalculatorTests.xctest */ = {isa = PBXFileReference; explicitFileType = wrapper.cfbundle; includeInIndex = 0; path = TipCalculatorTests.xctest; sourceTree = BUILT_PRODUCTS_DIR; };
		BFDA7EED1D45A6F0008744D3 /* TipCalculatorTests.swift */ = {isa = PBXFileReference; lastKnownFileType = sourcecode.swift; path = TipCalculatorTests.swift; sourceTree = "<group>"; };
		BFDA7EEF1D45A6F0008744D3 /* Info.plist */ = {isa = PBXFileReference; lastKnownFileType = text.plist.xml; path = Info.plist; sourceTree = "<group>"; };
		BFDA7EF41D45A6F0008744D3 /* TipCalculatorUITests.xctest */ = {isa = PBXFileReference; explicitFileType = wrapper.cfbundle; includeInIndex = 0; path = TipCalculatorUITests.xctest; sourceTree = BUILT_PRODUCTS_DIR; };
		BFDA7EF81D45A6F0008744D3 /* TipCalculatorUITests.swift */ = {isa = PBXFileReference; lastKnownFileType = sourcecode.swift; path = TipCalculatorUITests.swift; sourceTree = "<group>"; };
		BFDA7EFA1D45A6F0008744D3 /* Info.plist */ = {isa = PBXFileReference; lastKnownFileType = text.plist.xml; path = Info.plist; sourceTree = "<group>"; };
		BFDA7F061D474CC2008744D3 /* SettingsPage.swift */ = {isa = PBXFileReference; fileEncoding = 4; lastKnownFileType = sourcecode.swift; path = SettingsPage.swift; sourceTree = "<group>"; };
/* End PBXFileReference section */

/* Begin PBXFrameworksBuildPhase section */
		BFDA7ED21D45A6EF008744D3 /* Frameworks */ = {
			isa = PBXFrameworksBuildPhase;
			buildActionMask = 2147483647;
			files = (
				BF41ED0C1D9F7BDE00C974C8 /* FBSDKLoginKit.framework in Frameworks */,
				BF41ED0B1D9F7BDE00C974C8 /* FBSDKCoreKit.framework in Frameworks */,
				BF41ED0D1D9F7BDE00C974C8 /* FBSDKShareKit.framework in Frameworks */,
				BF41ED0F1D9F857500C974C8 /* Bolts.framework in Frameworks */,
			);
			runOnlyForDeploymentPostprocessing = 0;
		};
		BFDA7EE61D45A6F0008744D3 /* Frameworks */ = {
			isa = PBXFrameworksBuildPhase;
			buildActionMask = 2147483647;
			files = (
			);
			runOnlyForDeploymentPostprocessing = 0;
		};
		BFDA7EF11D45A6F0008744D3 /* Frameworks */ = {
			isa = PBXFrameworksBuildPhase;
			buildActionMask = 2147483647;
			files = (
			);
			runOnlyForDeploymentPostprocessing = 0;
		};
/* End PBXFrameworksBuildPhase section */

/* Begin PBXGroup section */
		BFDA7ECC1D45A6EF008744D3 = {
			isa = PBXGroup;
			children = (
				BFDA7ED71D45A6EF008744D3 /* TipCalculator */,
				BFDA7EEC1D45A6F0008744D3 /* TipCalculatorTests */,
				BFDA7EF71D45A6F0008744D3 /* TipCalculatorUITests */,
				BFDA7ED61D45A6EF008744D3 /* Products */,
			);
			sourceTree = "<group>";
		};
		BFDA7ED61D45A6EF008744D3 /* Products */ = {
			isa = PBXGroup;
			children = (
				BFDA7ED51D45A6EF008744D3 /* TipCalculator.app */,
				BFDA7EE91D45A6F0008744D3 /* TipCalculatorTests.xctest */,
				BFDA7EF41D45A6F0008744D3 /* TipCalculatorUITests.xctest */,
			);
			name = Products;
			sourceTree = "<group>";
		};
		BFDA7ED71D45A6EF008744D3 /* TipCalculator */ = {
			isa = PBXGroup;
			children = (
				BFDA7ED81D45A6EF008744D3 /* AppDelegate.swift */,
				BF41ED0E1D9F857500C974C8 /* Bolts.framework */,
				BF41ED081D9F7BDE00C974C8 /* FBSDKCoreKit.framework */,
				BF41ED091D9F7BDE00C974C8 /* FBSDKLoginKit.framework */,
				BF41ED0A1D9F7BDE00C974C8 /* FBSDKShareKit.framework */,
				BFDA7EDA1D45A6EF008744D3 /* ViewController.swift */,
				BFDA7EDC1D45A6EF008744D3 /* Main.storyboard */,
				BFDA7F061D474CC2008744D3 /* SettingsPage.swift */,
				BFDA7EDF1D45A6EF008744D3 /* Assets.xcassets */,
				BFDA7EE11D45A6EF008744D3 /* LaunchScreen.storyboard */,
				BFDA7EE41D45A6EF008744D3 /* Info.plist */,
			);
			path = TipCalculator;
			sourceTree = "<group>";
		};
		BFDA7EEC1D45A6F0008744D3 /* TipCalculatorTests */ = {
			isa = PBXGroup;
			children = (
				BFDA7EED1D45A6F0008744D3 /* TipCalculatorTests.swift */,
				BFDA7EEF1D45A6F0008744D3 /* Info.plist */,
			);
			path = TipCalculatorTests;
			sourceTree = "<group>";
		};
		BFDA7EF71D45A6F0008744D3 /* TipCalculatorUITests */ = {
			isa = PBXGroup;
			children = (
				BFDA7EF81D45A6F0008744D3 /* TipCalculatorUITests.swift */,
				BFDA7EFA1D45A6F0008744D3 /* Info.plist */,
			);
			path = TipCalculatorUITests;
			sourceTree = "<group>";
		};
/* End PBXGroup section */

/* Begin PBXNativeTarget section */
		BFDA7ED41D45A6EF008744D3 /* TipCalculator */ = {
			isa = PBXNativeTarget;
			buildConfigurationList = BFDA7EFD1D45A6F0008744D3 /* Build configuration list for PBXNativeTarget "TipCalculator" */;
			buildPhases = (
				BFDA7ED11D45A6EF008744D3 /* Sources */,
				BFDA7ED21D45A6EF008744D3 /* Frameworks */,
				BFDA7ED31D45A6EF008744D3 /* Resources */,
			);
			buildRules = (
			);
			dependencies = (
			);
			name = TipCalculator;
			productName = TipCalculator;
			productReference = BFDA7ED51D45A6EF008744D3 /* TipCalculator.app */;
			productType = "com.apple.product-type.application";
		};
		BFDA7EE81D45A6F0008744D3 /* TipCalculatorTests */ = {
			isa = PBXNativeTarget;
			buildConfigurationList = BFDA7F001D45A6F0008744D3 /* Build configuration list for PBXNativeTarget "TipCalculatorTests" */;
			buildPhases = (
				BFDA7EE51D45A6F0008744D3 /* Sources */,
				BFDA7EE61D45A6F0008744D3 /* Frameworks */,
				BFDA7EE71D45A6F0008744D3 /* Resources */,
			);
			buildRules = (
			);
			dependencies = (
				BFDA7EEB1D45A6F0008744D3 /* PBXTargetDependency */,
			);
			name = TipCalculatorTests;
			productName = TipCalculatorTests;
			productReference = BFDA7EE91D45A6F0008744D3 /* TipCalculatorTests.xctest */;
			productType = "com.apple.product-type.bundle.unit-test";
		};
		BFDA7EF31D45A6F0008744D3 /* TipCalculatorUITests */ = {
			isa = PBXNativeTarget;
			buildConfigurationList = BFDA7F031D45A6F0008744D3 /* Build configuration list for PBXNativeTarget "TipCalculatorUITests" */;
			buildPhases = (
				BFDA7EF01D45A6F0008744D3 /* Sources */,
				BFDA7EF11D45A6F0008744D3 /* Frameworks */,
				BFDA7EF21D45A6F0008744D3 /* Resources */,
			);
			buildRules = (
			);
			dependencies = (
				BFDA7EF61D45A6F0008744D3 /* PBXTargetDependency */,
			);
			name = TipCalculatorUITests;
			productName = TipCalculatorUITests;
			productReference = BFDA7EF41D45A6F0008744D3 /* TipCalculatorUITests.xctest */;
			productType = "com.apple.product-type.bundle.ui-testing";
		};
/* End PBXNativeTarget section */

/* Begin PBXProject section */
		BFDA7ECD1D45A6EF008744D3 /* Project object */ = {
			isa = PBXProject;
			attributes = {
				LastSwiftUpdateCheck = 0730;
				LastUpgradeCheck = 0800;
				ORGANIZATIONNAME = "Lu Ao";
				TargetAttributes = {
					BFDA7ED41D45A6EF008744D3 = {
						CreatedOnToolsVersion = 7.3.1;
						DevelopmentTeam = JC68KFVHSJ;
						LastSwiftMigration = 0800;
					};
					BFDA7EE81D45A6F0008744D3 = {
						CreatedOnToolsVersion = 7.3.1;
						LastSwiftMigration = 0800;
						TestTargetID = BFDA7ED41D45A6EF008744D3;
					};
					BFDA7EF31D45A6F0008744D3 = {
						CreatedOnToolsVersion = 7.3.1;
						LastSwiftMigration = 0800;
						TestTargetID = BFDA7ED41D45A6EF008744D3;
					};
				};
			};
			buildConfigurationList = BFDA7ED01D45A6EF008744D3 /* Build configuration list for PBXProject "TipCalculator" */;
			compatibilityVersion = "Xcode 3.2";
			developmentRegion = English;
			hasScannedForEncodings = 0;
			knownRegions = (
				en,
				Base,
			);
			mainGroup = BFDA7ECC1D45A6EF008744D3;
			productRefGroup = BFDA7ED61D45A6EF008744D3 /* Products */;
			projectDirPath = "";
			projectRoot = "";
			targets = (
				BFDA7ED41D45A6EF008744D3 /* TipCalculator */,
				BFDA7EE81D45A6F0008744D3 /* TipCalculatorTests */,
				BFDA7EF31D45A6F0008744D3 /* TipCalculatorUITests */,
			);
		};
/* End PBXProject section */

/* Begin PBXResourcesBuildPhase section */
		BFDA7ED31D45A6EF008744D3 /* Resources */ = {
			isa = PBXResourcesBuildPhase;
			buildActionMask = 2147483647;
			files = (
				BFDA7EE31D45A6EF008744D3 /* LaunchScreen.storyboard in Resources */,
				BFDA7EE01D45A6EF008744D3 /* Assets.xcassets in Resources */,
				BFDA7EDE1D45A6EF008744D3 /* Main.storyboard in Resources */,
			);
			runOnlyForDeploymentPostprocessing = 0;
		};
		BFDA7EE71D45A6F0008744D3 /* Resources */ = {
			isa = PBXResourcesBuildPhase;
			buildActionMask = 2147483647;
			files = (
			);
			runOnlyForDeploymentPostprocessing = 0;
		};
		BFDA7EF21D45A6F0008744D3 /* Resources */ = {
			isa = PBXResourcesBuildPhase;
			buildActionMask = 2147483647;
			files = (
			);
			runOnlyForDeploymentPostprocessing = 0;
		};
/* End PBXResourcesBuildPhase section */

/* Begin PBXSourcesBuildPhase section */
		BFDA7ED11D45A6EF008744D3 /* Sources */ = {
			isa = PBXSourcesBuildPhase;
			buildActionMask = 2147483647;
			files = (
				BFDA7F071D474CC2008744D3 /* SettingsPage.swift in Sources */,
				BFDA7EDB1D45A6EF008744D3 /* ViewController.swift in Sources */,
				BFDA7ED91D45A6EF008744D3 /* AppDelegate.swift in Sources */,
			);
			runOnlyForDeploymentPostprocessing = 0;
		};
		BFDA7EE51D45A6F0008744D3 /* Sources */ = {
			isa = PBXSourcesBuildPhase;
			buildActionMask = 2147483647;
			files = (
				BFDA7EEE1D45A6F0008744D3 /* TipCalculatorTests.swift in Sources */,
			);
			runOnlyForDeploymentPostprocessing = 0;
		};
		BFDA7EF01D45A6F0008744D3 /* Sources */ = {
			isa = PBXSourcesBuildPhase;
			buildActionMask = 2147483647;
			files = (
				BFDA7EF91D45A6F0008744D3 /* TipCalculatorUITests.swift in Sources */,
			);
			runOnlyForDeploymentPostprocessing = 0;
		};
/* End PBXSourcesBuildPhase section */

/* Begin PBXTargetDependency section */
		BFDA7EEB1D45A6F0008744D3 /* PBXTargetDependency */ = {
			isa = PBXTargetDependency;
			target = BFDA7ED41D45A6EF008744D3 /* TipCalculator */;
			targetProxy = BFDA7EEA1D45A6F0008744D3 /* PBXContainerItemProxy */;
		};
		BFDA7EF61D45A6F0008744D3 /* PBXTargetDependency */ = {
			isa = PBXTargetDependency;
			target = BFDA7ED41D45A6EF008744D3 /* TipCalculator */;
			targetProxy = BFDA7EF51D45A6F0008744D3 /* PBXContainerItemProxy */;
		};
/* End PBXTargetDependency section */

/* Begin PBXVariantGroup section */
		BFDA7EDC1D45A6EF008744D3 /* Main.storyboard */ = {
			isa = PBXVariantGroup;
			children = (
				BFDA7EDD1D45A6EF008744D3 /* Base */,
			);
			name = Main.storyboard;
			sourceTree = "<group>";
		};
		BFDA7EE11D45A6EF008744D3 /* LaunchScreen.storyboard */ = {
			isa = PBXVariantGroup;
			children = (
				BFDA7EE21D45A6EF008744D3 /* Base */,
			);
			name = LaunchScreen.storyboard;
			sourceTree = "<group>";
		};
/* End PBXVariantGroup section */

/* Begin XCBuildConfiguration section */
		BFDA7EFB1D45A6F0008744D3 /* Debug */ = {
			isa = XCBuildConfiguration;
			buildSettings = {
				ALWAYS_SEARCH_USER_PATHS = NO;
				CLANG_ANALYZER_NONNULL = YES;
				CLANG_CXX_LANGUAGE_STANDARD = "gnu++0x";
				CLANG_CXX_LIBRARY = "libc++";
				CLANG_ENABLE_MODULES = YES;
				CLANG_ENABLE_OBJC_ARC = YES;
				CLANG_WARN_BOOL_CONVERSION = YES;
				CLANG_WARN_CONSTANT_CONVERSION = YES;
				CLANG_WARN_DIRECT_OBJC_ISA_USAGE = YES_ERROR;
				CLANG_WARN_EMPTY_BODY = YES;
				CLANG_WARN_ENUM_CONVERSION = YES;
				CLANG_WARN_INFINITE_RECURSION = YES;
				CLANG_WARN_INT_CONVERSION = YES;
				CLANG_WARN_OBJC_ROOT_CLASS = YES_ERROR;
				CLANG_WARN_SUSPICIOUS_MOVE = YES;
				CLANG_WARN_UNREACHABLE_CODE = YES;
				CLANG_WARN__DUPLICATE_METHOD_MATCH = YES;
				"CODE_SIGN_IDENTITY[sdk=iphoneos*]" = "iPhone Developer";
				COPY_PHASE_STRIP = NO;
				DEBUG_INFORMATION_FORMAT = dwarf;
				ENABLE_STRICT_OBJC_MSGSEND = YES;
				ENABLE_TESTABILITY = YES;
				GCC_C_LANGUAGE_STANDARD = gnu99;
				GCC_DYNAMIC_NO_PIC = NO;
				GCC_NO_COMMON_BLOCKS = YES;
				GCC_OPTIMIZATION_LEVEL = 0;
				GCC_PREPROCESSOR_DEFINITIONS = (
					"DEBUG=1",
					"$(inherited)",
				);
				GCC_WARN_64_TO_32_BIT_CONVERSION = YES;
				GCC_WARN_ABOUT_RETURN_TYPE = YES_ERROR;
				GCC_WARN_UNDECLARED_SELECTOR = YES;
				GCC_WARN_UNINITIALIZED_AUTOS = YES_AGGRESSIVE;
				GCC_WARN_UNUSED_FUNCTION = YES;
				GCC_WARN_UNUSED_VARIABLE = YES;
				IPHONEOS_DEPLOYMENT_TARGET = 10.0;
				MTL_ENABLE_DEBUG_INFO = YES;
				ONLY_ACTIVE_ARCH = YES;
				SDKROOT = iphoneos;
				SWIFT_OPTIMIZATION_LEVEL = "-Onone";
				TARGETED_DEVICE_FAMILY = "1,2";
			};
			name = Debug;
		};
		BFDA7EFC1D45A6F0008744D3 /* Release */ = {
			isa = XCBuildConfiguration;
			buildSettings = {
				ALWAYS_SEARCH_USER_PATHS = NO;
				CLANG_ANALYZER_NONNULL = YES;
				CLANG_CXX_LANGUAGE_STANDARD = "gnu++0x";
				CLANG_CXX_LIBRARY = "libc++";
				CLANG_ENABLE_MODULES = YES;
				CLANG_ENABLE_OBJC_ARC = YES;
				CLANG_WARN_BOOL_CONVERSION = YES;
				CLANG_WARN_CONSTANT_CONVERSION = YES;
				CLANG_WARN_DIRECT_OBJC_ISA_USAGE = YES_ERROR;
				CLANG_WARN_EMPTY_BODY = YES;
				CLANG_WARN_ENUM_CONVERSION = YES;
				CLANG_WARN_INFINITE_RECURSION = YES;
				CLANG_WARN_INT_CONVERSION = YES;
				CLANG_WARN_OBJC_ROOT_CLASS = YES_ERROR;
				CLANG_WARN_SUSPICIOUS_MOVE = YES;
				CLANG_WARN_UNREACHABLE_CODE = YES;
				CLANG_WARN__DUPLICATE_METHOD_MATCH = YES;
				"CODE_SIGN_IDENTITY[sdk=iphoneos*]" = "iPhone Developer";
				COPY_PHASE_STRIP = NO;
				DEBUG_INFORMATION_FORMAT = "dwarf-with-dsym";
				ENABLE_NS_ASSERTIONS = NO;
				ENABLE_STRICT_OBJC_MSGSEND = YES;
				GCC_C_LANGUAGE_STANDARD = gnu99;
				GCC_NO_COMMON_BLOCKS = YES;
				GCC_WARN_64_TO_32_BIT_CONVERSION = YES;
				GCC_WARN_ABOUT_RETURN_TYPE = YES_ERROR;
				GCC_WARN_UNDECLARED_SELECTOR = YES;
				GCC_WARN_UNINITIALIZED_AUTOS = YES_AGGRESSIVE;
				GCC_WARN_UNUSED_FUNCTION = YES;
				GCC_WARN_UNUSED_VARIABLE = YES;
				IPHONEOS_DEPLOYMENT_TARGET = 10.0;
				MTL_ENABLE_DEBUG_INFO = NO;
				SDKROOT = iphoneos;
				SWIFT_OPTIMIZATION_LEVEL = "-Owholemodule";
				TARGETED_DEVICE_FAMILY = "1,2";
				VALIDATE_PRODUCT = YES;
			};
			name = Release;
		};
		BFDA7EFE1D45A6F0008744D3 /* Debug */ = {
			isa = XCBuildConfiguration;
			buildSettings = {
				ASSETCATALOG_COMPILER_APPICON_NAME = AppIcon;
				CODE_SIGN_IDENTITY = "iPhone Developer";
				"CODE_SIGN_IDENTITY[sdk=iphoneos*]" = "iPhone Developer";
				FRAMEWORK_SEARCH_PATHS = (
					"$(inherited)",
					"$(PROJECT_DIR)/TipCalculator",
				);
				INFOPLIST_FILE = TipCalculator/Info.plist;
				LD_RUNPATH_SEARCH_PATHS = "$(inherited) @executable_path/Frameworks";
				PRODUCT_BUNDLE_IDENTIFIER = "Lu-Ao.TipCalculator";
				PRODUCT_NAME = "$(TARGET_NAME)";
				PROVISIONING_PROFILE = "";
				SWIFT_VERSION = 3.0;
			};
			name = Debug;
		};
		BFDA7EFF1D45A6F0008744D3 /* Release */ = {
			isa = XCBuildConfiguration;
			buildSettings = {
				ASSETCATALOG_COMPILER_APPICON_NAME = AppIcon;
				CODE_SIGN_IDENTITY = "iPhone Developer";
				"CODE_SIGN_IDENTITY[sdk=iphoneos*]" = "iPhone Developer";
				FRAMEWORK_SEARCH_PATHS = (
					"$(inherited)",
					"$(PROJECT_DIR)/TipCalculator",
				);
				INFOPLIST_FILE = TipCalculator/Info.plist;
				LD_RUNPATH_SEARCH_PATHS = "$(inherited) @executable_path/Frameworks";
				PRODUCT_BUNDLE_IDENTIFIER = "Lu-Ao.TipCalculator";
				PRODUCT_NAME = "$(TARGET_NAME)";
				PROVISIONING_PROFILE = "";
				SWIFT_VERSION = 3.0;
			};
			name = Release;
		};
		BFDA7F011D45A6F0008744D3 /* Debug */ = {
			isa = XCBuildConfiguration;
			buildSettings = {
				BUNDLE_LOADER = "$(TEST_HOST)";
				INFOPLIST_FILE = TipCalculatorTests/Info.plist;
				LD_RUNPATH_SEARCH_PATHS = "$(inherited) @executable_path/Frameworks @loader_path/Frameworks";
				PRODUCT_BUNDLE_IDENTIFIER = "Lu-Ao.TipCalculatorTests";
				PRODUCT_NAME = "$(TARGET_NAME)";
				SWIFT_VERSION = 3.0;
				TEST_HOST = "$(BUILT_PRODUCTS_DIR)/TipCalculator.app/TipCalculator";
			};
			name = Debug;
		};
		BFDA7F021D45A6F0008744D3 /* Release */ = {
			isa = XCBuildConfiguration;
			buildSettings = {
				BUNDLE_LOADER = "$(TEST_HOST)";
				INFOPLIST_FILE = TipCalculatorTests/Info.plist;
				LD_RUNPATH_SEARCH_PATHS = "$(inherited) @executable_path/Frameworks @loader_path/Frameworks";
				PRODUCT_BUNDLE_IDENTIFIER = "Lu-Ao.TipCalculatorTests";
				PRODUCT_NAME = "$(TARGET_NAME)";
				SWIFT_VERSION = 3.0;
				TEST_HOST = "$(BUILT_PRODUCTS_DIR)/TipCalculator.app/TipCalculator";
			};
			name = Release;
		};
		BFDA7F041D45A6F0008744D3 /* Debug */ = {
			isa = XCBuildConfiguration;
			buildSettings = {
				INFOPLIST_FILE = TipCalculatorUITests/Info.plist;
				LD_RUNPATH_SEARCH_PATHS = "$(inherited) @executable_path/Frameworks @loader_path/Frameworks";
				PRODUCT_BUNDLE_IDENTIFIER = "Lu-Ao.TipCalculatorUITests";
				PRODUCT_NAME = "$(TARGET_NAME)";
				SWIFT_VERSION = 3.0;
				TEST_TARGET_NAME = TipCalculator;
			};
			name = Debug;
		};
		BFDA7F051D45A6F0008744D3 /* Release */ = {
			isa = XCBuildConfiguration;
			buildSettings = {
				INFOPLIST_FILE = TipCalculatorUITests/Info.plist;
				LD_RUNPATH_SEARCH_PATHS = "$(inherited) @executable_path/Frameworks @loader_path/Frameworks";
				PRODUCT_BUNDLE_IDENTIFIER = "Lu-Ao.TipCalculatorUITests";
				PRODUCT_NAME = "$(TARGET_NAME)";
				SWIFT_VERSION = 3.0;
				TEST_TARGET_NAME = TipCalculator;
			};
			name = Release;
		};
/* End XCBuildConfiguration section */

/* Begin XCConfigurationList section */
		BFDA7ED01D45A6EF008744D3 /* Build configuration list for PBXProject "TipCalculator" */ = {
			isa = XCConfigurationList;
			buildConfigurations = (
				BFDA7EFB1D45A6F0008744D3 /* Debug */,
				BFDA7EFC1D45A6F0008744D3 /* Release */,
			);
			defaultConfigurationIsVisible = 0;
			defaultConfigurationName = Release;
		};
		BFDA7EFD1D45A6F0008744D3 /* Build configuration list for PBXNativeTarget "TipCalculator" */ = {
			isa = XCConfigurationList;
			buildConfigurations = (
				BFDA7EFE1D45A6F0008744D3 /* Debug */,
				BFDA7EFF1D45A6F0008744D3 /* Release */,
			);
			defaultConfigurationIsVisible = 0;
			defaultConfigurationName = Release;
		};
		BFDA7F001D45A6F0008744D3 /* Build configuration list for PBXNativeTarget "TipCalculatorTests" */ = {
			isa = XCConfigurationList;
			buildConfigurations = (
				BFDA7F011D45A6F0008744D3 /* Debug */,
				BFDA7F021D45A6F0008744D3 /* Release */,
			);
			defaultConfigurationIsVisible = 0;
			defaultConfigurationName = Release;
		};
		BFDA7F031D45A6F0008744D3 /* Build configuration list for PBXNativeTarget "TipCalculatorUITests" */ = {
			isa = XCConfigurationList;
			buildConfigurations = (
				BFDA7F041D45A6F0008744D3 /* Debug */,
				BFDA7F051D45A6F0008744D3 /* Release */,
			);
			defaultConfigurationIsVisible = 0;
			defaultConfigurationName = Release;
		};
/* End XCConfigurationList section */
	};
	rootObject = BFDA7ECD1D45A6EF008744D3 /* Project object */;
}
